// !$*UTF8*$!
{
	archiveVersion = 1;
	classes = {
	};
	objectVersion = 55;
	objects = {

/* Begin PBXBuildFile section */
		8552C3A127BAAC90001F1D82 /* BLEClientViewModel.swift in Sources */ = {isa = PBXBuildFile; fileRef = 8552C3A027BAAC90001F1D82 /* BLEClientViewModel.swift */; };
		8552C3A627BDFBB3001F1D82 /* BLEViewModel.swift in Sources */ = {isa = PBXBuildFile; fileRef = 8552C3A527BDFBB3001F1D82 /* BLEViewModel.swift */; };
		8552C3A827BDFCA7001F1D82 /* BLEServerViewModel.swift in Sources */ = {isa = PBXBuildFile; fileRef = 8552C3A727BDFCA7001F1D82 /* BLEServerViewModel.swift */; };
		8583055527CDD3EE005B5802 /* BLEServer.swift in Sources */ = {isa = PBXBuildFile; fileRef = 8583055427CDD3EE005B5802 /* BLEServer.swift */; };
		8583055727CE9557005B5802 /* BluetoothConstants.swift in Sources */ = {isa = PBXBuildFile; fileRef = 8583055627CE9557005B5802 /* BluetoothConstants.swift */; };
		8583055927CEA3B2005B5802 /* BLEClient.swift in Sources */ = {isa = PBXBuildFile; fileRef = 8583055827CEA3B2005B5802 /* BLEClient.swift */; };
		858583EA27B8BA470031D75E /* NearbyBLE_iOSApp.swift in Sources */ = {isa = PBXBuildFile; fileRef = 858583E927B8BA470031D75E /* NearbyBLE_iOSApp.swift */; };
		858583EC27B8BA470031D75E /* ContentView.swift in Sources */ = {isa = PBXBuildFile; fileRef = 858583EB27B8BA470031D75E /* ContentView.swift */; };
		858583EE27B8BA480031D75E /* Assets.xcassets in Resources */ = {isa = PBXBuildFile; fileRef = 858583ED27B8BA480031D75E /* Assets.xcassets */; };
		858583F127B8BA480031D75E /* Preview Assets.xcassets in Resources */ = {isa = PBXBuildFile; fileRef = 858583F027B8BA480031D75E /* Preview Assets.xcassets */; };
		858583F327B8BA480031D75E /* Persistence.swift in Sources */ = {isa = PBXBuildFile; fileRef = 858583F227B8BA480031D75E /* Persistence.swift */; };
		858583F627B8BA480031D75E /* NearbyBLE_iOS.xcdatamodeld in Sources */ = {isa = PBXBuildFile; fileRef = 858583F427B8BA480031D75E /* NearbyBLE_iOS.xcdatamodeld */; };
		8585840027B8BA480031D75E /* NearbyBLE_iOSTests.swift in Sources */ = {isa = PBXBuildFile; fileRef = 858583FF27B8BA480031D75E /* NearbyBLE_iOSTests.swift */; };
		8585840A27B8BA480031D75E /* NearbyBLE_iOSUITests.swift in Sources */ = {isa = PBXBuildFile; fileRef = 8585840927B8BA480031D75E /* NearbyBLE_iOSUITests.swift */; };
		8585840C27B8BA480031D75E /* NearbyBLE_iOSUITestsLaunchTests.swift in Sources */ = {isa = PBXBuildFile; fileRef = 8585840B27B8BA480031D75E /* NearbyBLE_iOSUITestsLaunchTests.swift */; };
		8585841927B8C6830031D75E /* BLEDeviceTile.swift in Sources */ = {isa = PBXBuildFile; fileRef = 8585841827B8C6830031D75E /* BLEDeviceTile.swift */; };
		8585841F27B8CD0D0031D75E /* BLEDevice.swift in Sources */ = {isa = PBXBuildFile; fileRef = 8585841E27B8CD0D0031D75E /* BLEDevice.swift */; };
		8585842327B8D5380031D75E /* BLEDevicesWidget.swift in Sources */ = {isa = PBXBuildFile; fileRef = 8585842227B8D5380031D75E /* BLEDevicesWidget.swift */; };
/* End PBXBuildFile section */

/* Begin PBXContainerItemProxy section */
		858583FC27B8BA480031D75E /* PBXContainerItemProxy */ = {
			isa = PBXContainerItemProxy;
			containerPortal = 858583DE27B8BA470031D75E /* Project object */;
			proxyType = 1;
			remoteGlobalIDString = 858583E527B8BA470031D75E;
			remoteInfo = "NearbyBLE-iOS";
		};
		8585840627B8BA480031D75E /* PBXContainerItemProxy */ = {
			isa = PBXContainerItemProxy;
			containerPortal = 858583DE27B8BA470031D75E /* Project object */;
			proxyType = 1;
			remoteGlobalIDString = 858583E527B8BA470031D75E;
			remoteInfo = "NearbyBLE-iOS";
		};
/* End PBXContainerItemProxy section */

/* Begin PBXFileReference section */
		8552C3A027BAAC90001F1D82 /* BLEClientViewModel.swift */ = {isa = PBXFileReference; lastKnownFileType = sourcecode.swift; path = BLEClientViewModel.swift; sourceTree = "<group>"; };
		8552C3A527BDFBB3001F1D82 /* BLEViewModel.swift */ = {isa = PBXFileReference; lastKnownFileType = sourcecode.swift; path = BLEViewModel.swift; sourceTree = "<group>"; };
		8552C3A727BDFCA7001F1D82 /* BLEServerViewModel.swift */ = {isa = PBXFileReference; lastKnownFileType = sourcecode.swift; path = BLEServerViewModel.swift; sourceTree = "<group>"; };
		8583054C27CD7C03005B5802 /* Info.plist */ = {isa = PBXFileReference; lastKnownFileType = text.plist; path = Info.plist; sourceTree = "<group>"; };
		8583055427CDD3EE005B5802 /* BLEServer.swift */ = {isa = PBXFileReference; lastKnownFileType = sourcecode.swift; path = BLEServer.swift; sourceTree = "<group>"; };
		8583055627CE9557005B5802 /* BluetoothConstants.swift */ = {isa = PBXFileReference; lastKnownFileType = sourcecode.swift; path = BluetoothConstants.swift; sourceTree = "<group>"; };
		8583055827CEA3B2005B5802 /* BLEClient.swift */ = {isa = PBXFileReference; lastKnownFileType = sourcecode.swift; path = BLEClient.swift; sourceTree = "<group>"; };
		858583E627B8BA470031D75E /* NearbyBLE-iOS.app */ = {isa = PBXFileReference; explicitFileType = wrapper.application; includeInIndex = 0; path = "NearbyBLE-iOS.app"; sourceTree = BUILT_PRODUCTS_DIR; };
		858583E927B8BA470031D75E /* NearbyBLE_iOSApp.swift */ = {isa = PBXFileReference; lastKnownFileType = sourcecode.swift; path = NearbyBLE_iOSApp.swift; sourceTree = "<group>"; };
		858583EB27B8BA470031D75E /* ContentView.swift */ = {isa = PBXFileReference; lastKnownFileType = sourcecode.swift; path = ContentView.swift; sourceTree = "<group>"; };
		858583ED27B8BA480031D75E /* Assets.xcassets */ = {isa = PBXFileReference; lastKnownFileType = folder.assetcatalog; path = Assets.xcassets; sourceTree = "<group>"; };
		858583F027B8BA480031D75E /* Preview Assets.xcassets */ = {isa = PBXFileReference; lastKnownFileType = folder.assetcatalog; path = "Preview Assets.xcassets"; sourceTree = "<group>"; };
		858583F227B8BA480031D75E /* Persistence.swift */ = {isa = PBXFileReference; lastKnownFileType = sourcecode.swift; path = Persistence.swift; sourceTree = "<group>"; };
		858583F527B8BA480031D75E /* NearbyBLE_iOS.xcdatamodel */ = {isa = PBXFileReference; lastKnownFileType = wrapper.xcdatamodel; path = NearbyBLE_iOS.xcdatamodel; sourceTree = "<group>"; };
		858583FB27B8BA480031D75E /* NearbyBLE-iOSTests.xctest */ = {isa = PBXFileReference; explicitFileType = wrapper.cfbundle; includeInIndex = 0; path = "NearbyBLE-iOSTests.xctest"; sourceTree = BUILT_PRODUCTS_DIR; };
		858583FF27B8BA480031D75E /* NearbyBLE_iOSTests.swift */ = {isa = PBXFileReference; lastKnownFileType = sourcecode.swift; path = NearbyBLE_iOSTests.swift; sourceTree = "<group>"; };
		8585840527B8BA480031D75E /* NearbyBLE-iOSUITests.xctest */ = {isa = PBXFileReference; explicitFileType = wrapper.cfbundle; includeInIndex = 0; path = "NearbyBLE-iOSUITests.xctest"; sourceTree = BUILT_PRODUCTS_DIR; };
		8585840927B8BA480031D75E /* NearbyBLE_iOSUITests.swift */ = {isa = PBXFileReference; lastKnownFileType = sourcecode.swift; path = NearbyBLE_iOSUITests.swift; sourceTree = "<group>"; };
		8585840B27B8BA480031D75E /* NearbyBLE_iOSUITestsLaunchTests.swift */ = {isa = PBXFileReference; lastKnownFileType = sourcecode.swift; path = NearbyBLE_iOSUITestsLaunchTests.swift; sourceTree = "<group>"; };
		8585841827B8C6830031D75E /* BLEDeviceTile.swift */ = {isa = PBXFileReference; lastKnownFileType = sourcecode.swift; path = BLEDeviceTile.swift; sourceTree = "<group>"; };
		8585841E27B8CD0D0031D75E /* BLEDevice.swift */ = {isa = PBXFileReference; fileEncoding = 4; lastKnownFileType = sourcecode.swift; path = BLEDevice.swift; sourceTree = "<group>"; };
		8585842227B8D5380031D75E /* BLEDevicesWidget.swift */ = {isa = PBXFileReference; lastKnownFileType = sourcecode.swift; path = BLEDevicesWidget.swift; sourceTree = "<group>"; };
/* End PBXFileReference section */

/* Begin PBXFrameworksBuildPhase section */
		858583E327B8BA470031D75E /* Frameworks */ = {
			isa = PBXFrameworksBuildPhase;
			buildActionMask = 2147483647;
			files = (
			);
			runOnlyForDeploymentPostprocessing = 0;
		};
		858583F827B8BA480031D75E /* Frameworks */ = {
			isa = PBXFrameworksBuildPhase;
			buildActionMask = 2147483647;
			files = (
			);
			runOnlyForDeploymentPostprocessing = 0;
		};
		8585840227B8BA480031D75E /* Frameworks */ = {
			isa = PBXFrameworksBuildPhase;
			buildActionMask = 2147483647;
			files = (
			);
			runOnlyForDeploymentPostprocessing = 0;
		};
/* End PBXFrameworksBuildPhase section */

/* Begin PBXGroup section */
		8552C3A427BDFB71001F1D82 /* ViewModel */ = {
			isa = PBXGroup;
			children = (
				8552C3A027BAAC90001F1D82 /* BLEClientViewModel.swift */,
				8552C3A727BDFCA7001F1D82 /* BLEServerViewModel.swift */,
				8552C3A527BDFBB3001F1D82 /* BLEViewModel.swift */,
			);
			path = ViewModel;
			sourceTree = "<group>";
		};
		8583055327CDCC8C005B5802 /* Bluetooth */ = {
			isa = PBXGroup;
			children = (
				8583055827CEA3B2005B5802 /* BLEClient.swift */,
				8583055427CDD3EE005B5802 /* BLEServer.swift */,
				8583055627CE9557005B5802 /* BluetoothConstants.swift */,
			);
			path = Bluetooth;
			sourceTree = "<group>";
		};
		858583DD27B8BA470031D75E = {
			isa = PBXGroup;
			children = (
				858583E827B8BA470031D75E /* NearbyBLE-iOS */,
				858583FE27B8BA480031D75E /* NearbyBLE-iOSTests */,
				8585840827B8BA480031D75E /* NearbyBLE-iOSUITests */,
				858583E727B8BA470031D75E /* Products */,
			);
			sourceTree = "<group>";
		};
		858583E727B8BA470031D75E /* Products */ = {
			isa = PBXGroup;
			children = (
				858583E627B8BA470031D75E /* NearbyBLE-iOS.app */,
				858583FB27B8BA480031D75E /* NearbyBLE-iOSTests.xctest */,
				8585840527B8BA480031D75E /* NearbyBLE-iOSUITests.xctest */,
			);
			name = Products;
			sourceTree = "<group>";
		};
		858583E827B8BA470031D75E /* NearbyBLE-iOS */ = {
			isa = PBXGroup;
			children = (
				8583054C27CD7C03005B5802 /* Info.plist */,
				858583E927B8BA470031D75E /* NearbyBLE_iOSApp.swift */,
				858583ED27B8BA480031D75E /* Assets.xcassets */,
				858583F227B8BA480031D75E /* Persistence.swift */,
				858583F427B8BA480031D75E /* NearbyBLE_iOS.xcdatamodeld */,
				8583055327CDCC8C005B5802 /* Bluetooth */,
				8585841D27B8CA1F0031D75E /* Model */,
				8585841A27B8C6900031D75E /* Views */,
				8552C3A427BDFB71001F1D82 /* ViewModel */,
				858583EF27B8BA480031D75E /* Preview Content */,
			);
			path = "NearbyBLE-iOS";
			sourceTree = "<group>";
		};
		858583EF27B8BA480031D75E /* Preview Content */ = {
			isa = PBXGroup;
			children = (
				858583F027B8BA480031D75E /* Preview Assets.xcassets */,
			);
			path = "Preview Content";
			sourceTree = "<group>";
		};
		858583FE27B8BA480031D75E /* NearbyBLE-iOSTests */ = {
			isa = PBXGroup;
			children = (
				858583FF27B8BA480031D75E /* NearbyBLE_iOSTests.swift */,
			);
			path = "NearbyBLE-iOSTests";
			sourceTree = "<group>";
		};
		8585840827B8BA480031D75E /* NearbyBLE-iOSUITests */ = {
			isa = PBXGroup;
			children = (
				8585840927B8BA480031D75E /* NearbyBLE_iOSUITests.swift */,
				8585840B27B8BA480031D75E /* NearbyBLE_iOSUITestsLaunchTests.swift */,
			);
			path = "NearbyBLE-iOSUITests";
			sourceTree = "<group>";
		};
		8585841A27B8C6900031D75E /* Views */ = {
			isa = PBXGroup;
			children = (
				858583EB27B8BA470031D75E /* ContentView.swift */,
				8585841827B8C6830031D75E /* BLEDeviceTile.swift */,
				8585842227B8D5380031D75E /* BLEDevicesWidget.swift */,
			);
			path = Views;
			sourceTree = "<group>";
		};
		8585841D27B8CA1F0031D75E /* Model */ = {
			isa = PBXGroup;
			children = (
				8585841E27B8CD0D0031D75E /* BLEDevice.swift */,
			);
			path = Model;
			sourceTree = "<group>";
		};
/* End PBXGroup section */

/* Begin PBXNativeTarget section */
		858583E527B8BA470031D75E /* NearbyBLE-iOS */ = {
			isa = PBXNativeTarget;
			buildConfigurationList = 8585840F27B8BA480031D75E /* Build configuration list for PBXNativeTarget "NearbyBLE-iOS" */;
			buildPhases = (
				858583E227B8BA470031D75E /* Sources */,
				858583E327B8BA470031D75E /* Frameworks */,
				858583E427B8BA470031D75E /* Resources */,
			);
			buildRules = (
			);
			dependencies = (
			);
			name = "NearbyBLE-iOS";
			productName = "NearbyBLE-iOS";
			productReference = 858583E627B8BA470031D75E /* NearbyBLE-iOS.app */;
			productType = "com.apple.product-type.application";
		};
		858583FA27B8BA480031D75E /* NearbyBLE-iOSTests */ = {
			isa = PBXNativeTarget;
			buildConfigurationList = 8585841227B8BA480031D75E /* Build configuration list for PBXNativeTarget "NearbyBLE-iOSTests" */;
			buildPhases = (
				858583F727B8BA480031D75E /* Sources */,
				858583F827B8BA480031D75E /* Frameworks */,
				858583F927B8BA480031D75E /* Resources */,
			);
			buildRules = (
			);
			dependencies = (
				858583FD27B8BA480031D75E /* PBXTargetDependency */,
			);
			name = "NearbyBLE-iOSTests";
			productName = "NearbyBLE-iOSTests";
			productReference = 858583FB27B8BA480031D75E /* NearbyBLE-iOSTests.xctest */;
			productType = "com.apple.product-type.bundle.unit-test";
		};
		8585840427B8BA480031D75E /* NearbyBLE-iOSUITests */ = {
			isa = PBXNativeTarget;
			buildConfigurationList = 8585841527B8BA480031D75E /* Build configuration list for PBXNativeTarget "NearbyBLE-iOSUITests" */;
			buildPhases = (
				8585840127B8BA480031D75E /* Sources */,
				8585840227B8BA480031D75E /* Frameworks */,
				8585840327B8BA480031D75E /* Resources */,
			);
			buildRules = (
			);
			dependencies = (
				8585840727B8BA480031D75E /* PBXTargetDependency */,
			);
			name = "NearbyBLE-iOSUITests";
			productName = "NearbyBLE-iOSUITests";
			productReference = 8585840527B8BA480031D75E /* NearbyBLE-iOSUITests.xctest */;
			productType = "com.apple.product-type.bundle.ui-testing";
		};
/* End PBXNativeTarget section */

/* Begin PBXProject section */
		858583DE27B8BA470031D75E /* Project object */ = {
			isa = PBXProject;
			attributes = {
				BuildIndependentTargetsInParallel = 1;
				LastSwiftUpdateCheck = 1320;
				LastUpgradeCheck = 1320;
				TargetAttributes = {
					858583E527B8BA470031D75E = {
						CreatedOnToolsVersion = 13.2.1;
					};
					858583FA27B8BA480031D75E = {
						CreatedOnToolsVersion = 13.2.1;
						TestTargetID = 858583E527B8BA470031D75E;
					};
					8585840427B8BA480031D75E = {
						CreatedOnToolsVersion = 13.2.1;
						TestTargetID = 858583E527B8BA470031D75E;
					};
				};
			};
			buildConfigurationList = 858583E127B8BA470031D75E /* Build configuration list for PBXProject "NearbyBLE-iOS" */;
			compatibilityVersion = "Xcode 13.0";
			developmentRegion = en;
			hasScannedForEncodings = 0;
			knownRegions = (
				en,
				Base,
			);
			mainGroup = 858583DD27B8BA470031D75E;
			productRefGroup = 858583E727B8BA470031D75E /* Products */;
			projectDirPath = "";
			projectRoot = "";
			targets = (
				858583E527B8BA470031D75E /* NearbyBLE-iOS */,
				858583FA27B8BA480031D75E /* NearbyBLE-iOSTests */,
				8585840427B8BA480031D75E /* NearbyBLE-iOSUITests */,
			);
		};
/* End PBXProject section */

/* Begin PBXResourcesBuildPhase section */
		858583E427B8BA470031D75E /* Resources */ = {
			isa = PBXResourcesBuildPhase;
			buildActionMask = 2147483647;
			files = (
				858583F127B8BA480031D75E /* Preview Assets.xcassets in Resources */,
				858583EE27B8BA480031D75E /* Assets.xcassets in Resources */,
			);
			runOnlyForDeploymentPostprocessing = 0;
		};
		858583F927B8BA480031D75E /* Resources */ = {
			isa = PBXResourcesBuildPhase;
			buildActionMask = 2147483647;
			files = (
			);
			runOnlyForDeploymentPostprocessing = 0;
		};
		8585840327B8BA480031D75E /* Resources */ = {
			isa = PBXResourcesBuildPhase;
			buildActionMask = 2147483647;
			files = (
			);
			runOnlyForDeploymentPostprocessing = 0;
		};
/* End PBXResourcesBuildPhase section */

/* Begin PBXSourcesBuildPhase section */
		858583E227B8BA470031D75E /* Sources */ = {
			isa = PBXSourcesBuildPhase;
			buildActionMask = 2147483647;
			files = (
				8583055527CDD3EE005B5802 /* BLEServer.swift in Sources */,
				8585841F27B8CD0D0031D75E /* BLEDevice.swift in Sources */,
				8552C3A127BAAC90001F1D82 /* BLEClientViewModel.swift in Sources */,
				8583055727CE9557005B5802 /* BluetoothConstants.swift in Sources */,
				8585842327B8D5380031D75E /* BLEDevicesWidget.swift in Sources */,
				858583F627B8BA480031D75E /* NearbyBLE_iOS.xcdatamodeld in Sources */,
				8552C3A627BDFBB3001F1D82 /* BLEViewModel.swift in Sources */,
				858583F327B8BA480031D75E /* Persistence.swift in Sources */,
				858583EC27B8BA470031D75E /* ContentView.swift in Sources */,
				8583055927CEA3B2005B5802 /* BLEClient.swift in Sources */,
				858583EA27B8BA470031D75E /* NearbyBLE_iOSApp.swift in Sources */,
				8585841927B8C6830031D75E /* BLEDeviceTile.swift in Sources */,
				8552C3A827BDFCA7001F1D82 /* BLEServerViewModel.swift in Sources */,
			);
			runOnlyForDeploymentPostprocessing = 0;
		};
		858583F727B8BA480031D75E /* Sources */ = {
			isa = PBXSourcesBuildPhase;
			buildActionMask = 2147483647;
			files = (
				8585840027B8BA480031D75E /* NearbyBLE_iOSTests.swift in Sources */,
			);
			runOnlyForDeploymentPostprocessing = 0;
		};
		8585840127B8BA480031D75E /* Sources */ = {
			isa = PBXSourcesBuildPhase;
			buildActionMask = 2147483647;
			files = (
				8585840A27B8BA480031D75E /* NearbyBLE_iOSUITests.swift in Sources */,
				8585840C27B8BA480031D75E /* NearbyBLE_iOSUITestsLaunchTests.swift in Sources */,
			);
			runOnlyForDeploymentPostprocessing = 0;
		};
/* End PBXSourcesBuildPhase section */

/* Begin PBXTargetDependency section */
		858583FD27B8BA480031D75E /* PBXTargetDependency */ = {
			isa = PBXTargetDependency;
			target = 858583E527B8BA470031D75E /* NearbyBLE-iOS */;
			targetProxy = 858583FC27B8BA480031D75E /* PBXContainerItemProxy */;
		};
		8585840727B8BA480031D75E /* PBXTargetDependency */ = {
			isa = PBXTargetDependency;
			target = 858583E527B8BA470031D75E /* NearbyBLE-iOS */;
			targetProxy = 8585840627B8BA480031D75E /* PBXContainerItemProxy */;
		};
/* End PBXTargetDependency section */

/* Begin XCBuildConfiguration section */
		8585840D27B8BA480031D75E /* Debug */ = {
			isa = XCBuildConfiguration;
			buildSettings = {
				ALWAYS_SEARCH_USER_PATHS = NO;
				CLANG_ANALYZER_NONNULL = YES;
				CLANG_ANALYZER_NUMBER_OBJECT_CONVERSION = YES_AGGRESSIVE;
				CLANG_CXX_LANGUAGE_STANDARD = "gnu++17";
				CLANG_CXX_LIBRARY = "libc++";
				CLANG_ENABLE_MODULES = YES;
				CLANG_ENABLE_OBJC_ARC = YES;
				CLANG_ENABLE_OBJC_WEAK = YES;
				CLANG_WARN_BLOCK_CAPTURE_AUTORELEASING = YES;
				CLANG_WARN_BOOL_CONVERSION = YES;
				CLANG_WARN_COMMA = YES;
				CLANG_WARN_CONSTANT_CONVERSION = YES;
				CLANG_WARN_DEPRECATED_OBJC_IMPLEMENTATIONS = YES;
				CLANG_WARN_DIRECT_OBJC_ISA_USAGE = YES_ERROR;
				CLANG_WARN_DOCUMENTATION_COMMENTS = YES;
				CLANG_WARN_EMPTY_BODY = YES;
				CLANG_WARN_ENUM_CONVERSION = YES;
				CLANG_WARN_INFINITE_RECURSION = YES;
				CLANG_WARN_INT_CONVERSION = YES;
				CLANG_WARN_NON_LITERAL_NULL_CONVERSION = YES;
				CLANG_WARN_OBJC_IMPLICIT_RETAIN_SELF = YES;
				CLANG_WARN_OBJC_LITERAL_CONVERSION = YES;
				CLANG_WARN_OBJC_ROOT_CLASS = YES_ERROR;
				CLANG_WARN_QUOTED_INCLUDE_IN_FRAMEWORK_HEADER = YES;
				CLANG_WARN_RANGE_LOOP_ANALYSIS = YES;
				CLANG_WARN_STRICT_PROTOTYPES = YES;
				CLANG_WARN_SUSPICIOUS_MOVE = YES;
				CLANG_WARN_UNGUARDED_AVAILABILITY = YES_AGGRESSIVE;
				CLANG_WARN_UNREACHABLE_CODE = YES;
				CLANG_WARN__DUPLICATE_METHOD_MATCH = YES;
				COPY_PHASE_STRIP = NO;
				DEBUG_INFORMATION_FORMAT = dwarf;
				ENABLE_STRICT_OBJC_MSGSEND = YES;
				ENABLE_TESTABILITY = YES;
				GCC_C_LANGUAGE_STANDARD = gnu11;
				GCC_DYNAMIC_NO_PIC = NO;
				GCC_NO_COMMON_BLOCKS = YES;
				GCC_OPTIMIZATION_LEVEL = 0;
				GCC_PREPROCESSOR_DEFINITIONS = (
					"DEBUG=1",
					"$(inherited)",
				);
				GCC_WARN_64_TO_32_BIT_CONVERSION = YES;
				GCC_WARN_ABOUT_RETURN_TYPE = YES_ERROR;
				GCC_WARN_UNDECLARED_SELECTOR = YES;
				GCC_WARN_UNINITIALIZED_AUTOS = YES_AGGRESSIVE;
				GCC_WARN_UNUSED_FUNCTION = YES;
				GCC_WARN_UNUSED_VARIABLE = YES;
				IPHONEOS_DEPLOYMENT_TARGET = 14.0;
				MTL_ENABLE_DEBUG_INFO = INCLUDE_SOURCE;
				MTL_FAST_MATH = YES;
				ONLY_ACTIVE_ARCH = YES;
				SDKROOT = iphoneos;
				SWIFT_ACTIVE_COMPILATION_CONDITIONS = DEBUG;
				SWIFT_OPTIMIZATION_LEVEL = "-Onone";
			};
			name = Debug;
		};
		8585840E27B8BA480031D75E /* Release */ = {
			isa = XCBuildConfiguration;
			buildSettings = {
				ALWAYS_SEARCH_USER_PATHS = NO;
				CLANG_ANALYZER_NONNULL = YES;
				CLANG_ANALYZER_NUMBER_OBJECT_CONVERSION = YES_AGGRESSIVE;
				CLANG_CXX_LANGUAGE_STANDARD = "gnu++17";
				CLANG_CXX_LIBRARY = "libc++";
				CLANG_ENABLE_MODULES = YES;
				CLANG_ENABLE_OBJC_ARC = YES;
				CLANG_ENABLE_OBJC_WEAK = YES;
				CLANG_WARN_BLOCK_CAPTURE_AUTORELEASING = YES;
				CLANG_WARN_BOOL_CONVERSION = YES;
				CLANG_WARN_COMMA = YES;
				CLANG_WARN_CONSTANT_CONVERSION = YES;
				CLANG_WARN_DEPRECATED_OBJC_IMPLEMENTATIONS = YES;
				CLANG_WARN_DIRECT_OBJC_ISA_USAGE = YES_ERROR;
				CLANG_WARN_DOCUMENTATION_COMMENTS = YES;
				CLANG_WARN_EMPTY_BODY = YES;
				CLANG_WARN_ENUM_CONVERSION = YES;
				CLANG_WARN_INFINITE_RECURSION = YES;
				CLANG_WARN_INT_CONVERSION = YES;
				CLANG_WARN_NON_LITERAL_NULL_CONVERSION = YES;
				CLANG_WARN_OBJC_IMPLICIT_RETAIN_SELF = YES;
				CLANG_WARN_OBJC_LITERAL_CONVERSION = YES;
				CLANG_WARN_OBJC_ROOT_CLASS = YES_ERROR;
				CLANG_WARN_QUOTED_INCLUDE_IN_FRAMEWORK_HEADER = YES;
				CLANG_WARN_RANGE_LOOP_ANALYSIS = YES;
				CLANG_WARN_STRICT_PROTOTYPES = YES;
				CLANG_WARN_SUSPICIOUS_MOVE = YES;
				CLANG_WARN_UNGUARDED_AVAILABILITY = YES_AGGRESSIVE;
				CLANG_WARN_UNREACHABLE_CODE = YES;
				CLANG_WARN__DUPLICATE_METHOD_MATCH = YES;
				COPY_PHASE_STRIP = NO;
				DEBUG_INFORMATION_FORMAT = "dwarf-with-dsym";
				ENABLE_NS_ASSERTIONS = NO;
				ENABLE_STRICT_OBJC_MSGSEND = YES;
				GCC_C_LANGUAGE_STANDARD = gnu11;
				GCC_NO_COMMON_BLOCKS = YES;
				GCC_WARN_64_TO_32_BIT_CONVERSION = YES;
				GCC_WARN_ABOUT_RETURN_TYPE = YES_ERROR;
				GCC_WARN_UNDECLARED_SELECTOR = YES;
				GCC_WARN_UNINITIALIZED_AUTOS = YES_AGGRESSIVE;
				GCC_WARN_UNUSED_FUNCTION = YES;
				GCC_WARN_UNUSED_VARIABLE = YES;
				IPHONEOS_DEPLOYMENT_TARGET = 14.0;
				MTL_ENABLE_DEBUG_INFO = NO;
				MTL_FAST_MATH = YES;
				SDKROOT = iphoneos;
				SWIFT_COMPILATION_MODE = wholemodule;
				SWIFT_OPTIMIZATION_LEVEL = "-O";
				VALIDATE_PRODUCT = YES;
			};
			name = Release;
		};
		8585841027B8BA480031D75E /* Debug */ = {
			isa = XCBuildConfiguration;
			buildSettings = {
				ASSETCATALOG_COMPILER_APPICON_NAME = AppIcon;
				ASSETCATALOG_COMPILER_GLOBAL_ACCENT_COLOR_NAME = AccentColor;
				CODE_SIGN_IDENTITY = "Apple Development";
				CODE_SIGN_STYLE = Automatic;
				CURRENT_PROJECT_VERSION = 1;
				DEVELOPMENT_ASSET_PATHS = "\"NearbyBLE-iOS/Preview Content\"";
				DEVELOPMENT_TEAM = QS2T88F866;
				ENABLE_PREVIEWS = YES;
				GENERATE_INFOPLIST_FILE = YES;
				INFOPLIST_FILE = "NearbyBLE-iOS/Info.plist";
				INFOPLIST_KEY_LSApplicationCategoryType = "";
				INFOPLIST_KEY_NSBluetoothAlwaysUsageDescription = "We need BT to connect to other devices";
				INFOPLIST_KEY_NSBluetoothPeripheralUsageDescription = "We need BT to connect to other devices";
				INFOPLIST_KEY_UIApplicationSceneManifest_Generation = YES;
				INFOPLIST_KEY_UIApplicationSupportsIndirectInputEvents = YES;
				INFOPLIST_KEY_UILaunchScreen_Generation = YES;
				INFOPLIST_KEY_UISupportedInterfaceOrientations_iPad = "UIInterfaceOrientationPortrait UIInterfaceOrientationPortraitUpsideDown UIInterfaceOrientationLandscapeLeft UIInterfaceOrientationLandscapeRight";
				INFOPLIST_KEY_UISupportedInterfaceOrientations_iPhone = "UIInterfaceOrientationPortrait UIInterfaceOrientationLandscapeLeft UIInterfaceOrientationLandscapeRight";
				IPHONEOS_DEPLOYMENT_TARGET = 14.0;
				LD_RUNPATH_SEARCH_PATHS = (
					"$(inherited)",
					"@executable_path/Frameworks",
				);
				MARKETING_VERSION = 1.0;
				PRODUCT_BUNDLE_IDENTIFIER = "com.miraka.NearbyBLE-iOS";
				PRODUCT_NAME = "$(TARGET_NAME)";
				PROVISIONING_PROFILE_SPECIFIER = "";
				SWIFT_EMIT_LOC_STRINGS = YES;
				SWIFT_VERSION = 5.0;
				TARGETED_DEVICE_FAMILY = "1,2";
			};
			name = Debug;
		};
		8585841127B8BA480031D75E /* Release */ = {
			isa = XCBuildConfiguration;
			buildSettings = {
				ASSETCATALOG_COMPILER_APPICON_NAME = AppIcon;
				ASSETCATALOG_COMPILER_GLOBAL_ACCENT_COLOR_NAME = AccentColor;
				CODE_SIGN_IDENTITY = "Apple Development";
				CODE_SIGN_STYLE = Automatic;
				CURRENT_PROJECT_VERSION = 1;
				DEVELOPMENT_ASSET_PATHS = "\"NearbyBLE-iOS/Preview Content\"";
				DEVELOPMENT_TEAM = QS2T88F866;
				ENABLE_PREVIEWS = YES;
				GENERATE_INFOPLIST_FILE = YES;
				INFOPLIST_FILE = "NearbyBLE-iOS/Info.plist";
				INFOPLIST_KEY_LSApplicationCategoryType = "";
				INFOPLIST_KEY_NSBluetoothAlwaysUsageDescription = "We need BT to connect to other devices";
				INFOPLIST_KEY_NSBluetoothPeripheralUsageDescription = "We need BT to connect to other devices";
				INFOPLIST_KEY_UIApplicationSceneManifest_Generation = YES;
				INFOPLIST_KEY_UIApplicationSupportsIndirectInputEvents = YES;
				INFOPLIST_KEY_UILaunchScreen_Generation = YES;
				INFOPLIST_KEY_UISupportedInterfaceOrientations_iPad = "UIInterfaceOrientationPortrait UIInterfaceOrientationPortraitUpsideDown UIInterfaceOrientationLandscapeLeft UIInterfaceOrientationLandscapeRight";
				INFOPLIST_KEY_UISupportedInterfaceOrientations_iPhone = "UIInterfaceOrientationPortrait UIInterfaceOrientationLandscapeLeft UIInterfaceOrientationLandscapeRight";
				IPHONEOS_DEPLOYMENT_TARGET = 14.0;
				LD_RUNPATH_SEARCH_PATHS = (
					"$(inherited)",
					"@executable_path/Frameworks",
				);
				MARKETING_VERSION = 1.0;
				PRODUCT_BUNDLE_IDENTIFIER = "com.miraka.NearbyBLE-iOS";
				PRODUCT_NAME = "$(TARGET_NAME)";
				PROVISIONING_PROFILE_SPECIFIER = "";
				SWIFT_EMIT_LOC_STRINGS = YES;
				SWIFT_VERSION = 5.0;
				TARGETED_DEVICE_FAMILY = "1,2";
			};
			name = Release;
		};
		8585841327B8BA480031D75E /* Debug */ = {
			isa = XCBuildConfiguration;
			buildSettings = {
				ALWAYS_EMBED_SWIFT_STANDARD_LIBRARIES = YES;
				BUNDLE_LOADER = "$(TEST_HOST)";
				CODE_SIGN_STYLE = Automatic;
				CURRENT_PROJECT_VERSION = 1;
				DEVELOPMENT_TEAM = QS2T88F866;
				GENERATE_INFOPLIST_FILE = YES;
				IPHONEOS_DEPLOYMENT_TARGET = 15.2;
				MARKETING_VERSION = 1.0;
				PRODUCT_BUNDLE_IDENTIFIER = "com.miraka.NearbyBLE-iOSTests";
				PRODUCT_NAME = "$(TARGET_NAME)";
				SWIFT_EMIT_LOC_STRINGS = NO;
				SWIFT_VERSION = 5.0;
				TARGETED_DEVICE_FAMILY = "1,2";
				TEST_HOST = "$(BUILT_PRODUCTS_DIR)/NearbyBLE-iOS.app/NearbyBLE-iOS";
			};
			name = Debug;
		};
		8585841427B8BA480031D75E /* Release */ = {
			isa = XCBuildConfiguration;
			buildSettings = {
				ALWAYS_EMBED_SWIFT_STANDARD_LIBRARIES = YES;
				BUNDLE_LOADER = "$(TEST_HOST)";
				CODE_SIGN_STYLE = Automatic;
				CURRENT_PROJECT_VERSION = 1;
				DEVELOPMENT_TEAM = QS2T88F866;
				GENERATE_INFOPLIST_FILE = YES;
				IPHONEOS_DEPLOYMENT_TARGET = 15.2;
				MARKETING_VERSION = 1.0;
				PRODUCT_BUNDLE_IDENTIFIER = "com.miraka.NearbyBLE-iOSTests";
				PRODUCT_NAME = "$(TARGET_NAME)";
				SWIFT_EMIT_LOC_STRINGS = NO;
				SWIFT_VERSION = 5.0;
				TARGETED_DEVICE_FAMILY = "1,2";
				TEST_HOST = "$(BUILT_PRODUCTS_DIR)/NearbyBLE-iOS.app/NearbyBLE-iOS";
			};
			name = Release;
		};
		8585841627B8BA480031D75E /* Debug */ = {
			isa = XCBuildConfiguration;
			buildSettings = {
				ALWAYS_EMBED_SWIFT_STANDARD_LIBRARIES = YES;
				CODE_SIGN_STYLE = Automatic;
				CURRENT_PROJECT_VERSION = 1;
				DEVELOPMENT_TEAM = QS2T88F866;
				GENERATE_INFOPLIST_FILE = YES;
				MARKETING_VERSION = 1.0;
				PRODUCT_BUNDLE_IDENTIFIER = "com.miraka.NearbyBLE-iOSUITests";
				PRODUCT_NAME = "$(TARGET_NAME)";
				SWIFT_EMIT_LOC_STRINGS = NO;
				SWIFT_VERSION = 5.0;
				TARGETED_DEVICE_FAMILY = "1,2";
				TEST_TARGET_NAME = "NearbyBLE-iOS";
			};
			name = Debug;
		};
		8585841727B8BA480031D75E /* Release */ = {
			isa = XCBuildConfiguration;
			buildSettings = {
				ALWAYS_EMBED_SWIFT_STANDARD_LIBRARIES = YES;
				CODE_SIGN_STYLE = Automatic;
				CURRENT_PROJECT_VERSION = 1;
				DEVELOPMENT_TEAM = QS2T88F866;
				GENERATE_INFOPLIST_FILE = YES;
				MARKETING_VERSION = 1.0;
				PRODUCT_BUNDLE_IDENTIFIER = "com.miraka.NearbyBLE-iOSUITests";
				PRODUCT_NAME = "$(TARGET_NAME)";
				SWIFT_EMIT_LOC_STRINGS = NO;
				SWIFT_VERSION = 5.0;
				TARGETED_DEVICE_FAMILY = "1,2";
				TEST_TARGET_NAME = "NearbyBLE-iOS";
			};
			name = Release;
		};
/* End XCBuildConfiguration section */

/* Begin XCConfigurationList section */
		858583E127B8BA470031D75E /* Build configuration list for PBXProject "NearbyBLE-iOS" */ = {
			isa = XCConfigurationList;
			buildConfigurations = (
				8585840D27B8BA480031D75E /* Debug */,
				8585840E27B8BA480031D75E /* Release */,
			);
			defaultConfigurationIsVisible = 0;
			defaultConfigurationName = Release;
		};
		8585840F27B8BA480031D75E /* Build configuration list for PBXNativeTarget "NearbyBLE-iOS" */ = {
			isa = XCConfigurationList;
			buildConfigurations = (
				8585841027B8BA480031D75E /* Debug */,
				8585841127B8BA480031D75E /* Release */,
			);
			defaultConfigurationIsVisible = 0;
			defaultConfigurationName = Release;
		};
		8585841227B8BA480031D75E /* Build configuration list for PBXNativeTarget "NearbyBLE-iOSTests" */ = {
			isa = XCConfigurationList;
			buildConfigurations = (
				8585841327B8BA480031D75E /* Debug */,
				8585841427B8BA480031D75E /* Release */,
			);
			defaultConfigurationIsVisible = 0;
			defaultConfigurationName = Release;
		};
		8585841527B8BA480031D75E /* Build configuration list for PBXNativeTarget "NearbyBLE-iOSUITests" */ = {
			isa = XCConfigurationList;
			buildConfigurations = (
				8585841627B8BA480031D75E /* Debug */,
				8585841727B8BA480031D75E /* Release */,
			);
			defaultConfigurationIsVisible = 0;
			defaultConfigurationName = Release;
		};
/* End XCConfigurationList section */

/* Begin XCVersionGroup section */
		858583F427B8BA480031D75E /* NearbyBLE_iOS.xcdatamodeld */ = {
			isa = XCVersionGroup;
			children = (
				858583F527B8BA480031D75E /* NearbyBLE_iOS.xcdatamodel */,
			);
			currentVersion = 858583F527B8BA480031D75E /* NearbyBLE_iOS.xcdatamodel */;
			path = NearbyBLE_iOS.xcdatamodeld;
			sourceTree = "<group>";
			versionGroupType = wrapper.xcdatamodel;
		};
/* End XCVersionGroup section */
	};
	rootObject = 858583DE27B8BA470031D75E /* Project object */;
}
